// !$*UTF8*$!
{
	archiveVersion = 1;
	classes = {
	};
	objectVersion = 46;
	objects = {

/* Begin PBXBuildFile section */
		090B14C11E75CC2C005A47C5 /* loudness_enum_limits.h in Headers */ = {isa = PBXBuildFile; fileRef = 090B14C01E75CC2C005A47C5 /* loudness_enum_limits.h */; };
		09121CB31EABADB500BBC64B /* Accelerate.framework in Frameworks */ = {isa = PBXBuildFile; fileRef = 093268CF1EAB7031001BAA8E /* Accelerate.framework */; };
		09121CB41EABADB500BBC64B /* AppKit.framework in Frameworks */ = {isa = PBXBuildFile; fileRef = 097D56D01E86DCC900018F14 /* AppKit.framework */; };
		09121CB51EABADB500BBC64B /* CoreGraphics.framework in Frameworks */ = {isa = PBXBuildFile; fileRef = 097D56CE1E86DCB600018F14 /* CoreGraphics.framework */; };
		09121CB61EABADB500BBC64B /* CoreFoundation.framework in Frameworks */ = {isa = PBXBuildFile; fileRef = 097D56CC1E86DCA000018F14 /* CoreFoundation.framework */; };
		09121CB81EABADB500BBC64B /* libaudio.a in Frameworks */ = {isa = PBXBuildFile; fileRef = 09FF3F231E36EBBB00C81351 /* libaudio.a */; };
		09121CC61EABAE1F00BBC64B /* main.mod_wav.cpp in Sources */ = {isa = PBXBuildFile; fileRef = 09121CC51EABAE0E00BBC64B /* main.mod_wav.cpp */; };
		093268D01EAB7031001BAA8E /* Accelerate.framework in Frameworks */ = {isa = PBXBuildFile; fileRef = 093268CF1EAB7031001BAA8E /* Accelerate.framework */; };
		093268D61EAB7036001BAA8E /* Accelerate.framework in Frameworks */ = {isa = PBXBuildFile; fileRef = 093268CF1EAB7031001BAA8E /* Accelerate.framework */; };
		093268D71EAB703B001BAA8E /* Accelerate.framework in Frameworks */ = {isa = PBXBuildFile; fileRef = 093268CF1EAB7031001BAA8E /* Accelerate.framework */; };
		093268D81EAB7040001BAA8E /* Accelerate.framework in Frameworks */ = {isa = PBXBuildFile; fileRef = 093268CF1EAB7031001BAA8E /* Accelerate.framework */; };
		093A24B71E9B8BE8009874DF /* AppKit.framework in Frameworks */ = {isa = PBXBuildFile; fileRef = 097D56D01E86DCC900018F14 /* AppKit.framework */; };
		093A24B81E9B8BE8009874DF /* CoreGraphics.framework in Frameworks */ = {isa = PBXBuildFile; fileRef = 097D56CE1E86DCB600018F14 /* CoreGraphics.framework */; };
		093A24B91E9B8BE8009874DF /* CoreFoundation.framework in Frameworks */ = {isa = PBXBuildFile; fileRef = 097D56CC1E86DCA000018F14 /* CoreFoundation.framework */; };
		093A24BB1E9B8BE8009874DF /* libaudio.a in Frameworks */ = {isa = PBXBuildFile; fileRef = 09FF3F231E36EBBB00C81351 /* libaudio.a */; };
		093A24C91E9B8C47009874DF /* unity.build.joinnonzeros.cpp in Sources */ = {isa = PBXBuildFile; fileRef = 093A24C81E9B8C47009874DF /* unity.build.joinnonzeros.cpp */; };
		093A24D61E9B8CC3009874DF /* AppKit.framework in Frameworks */ = {isa = PBXBuildFile; fileRef = 097D56D01E86DCC900018F14 /* AppKit.framework */; };
		093A24D71E9B8CC3009874DF /* CoreGraphics.framework in Frameworks */ = {isa = PBXBuildFile; fileRef = 097D56CE1E86DCB600018F14 /* CoreGraphics.framework */; };
		093A24D81E9B8CC3009874DF /* CoreFoundation.framework in Frameworks */ = {isa = PBXBuildFile; fileRef = 097D56CC1E86DCA000018F14 /* CoreFoundation.framework */; };
		093A24DA1E9B8CC3009874DF /* libaudio.a in Frameworks */ = {isa = PBXBuildFile; fileRef = 09FF3F231E36EBBB00C81351 /* libaudio.a */; };
		093A24E41E9B8D73009874DF /* unity.build.testfft.cpp in Sources */ = {isa = PBXBuildFile; fileRef = 093A24E31E9B8D73009874DF /* unity.build.testfft.cpp */; };
		0951A51D1EB62CBB00CE4A4E /* Accelerate.framework in Frameworks */ = {isa = PBXBuildFile; fileRef = 093268CF1EAB7031001BAA8E /* Accelerate.framework */; };
		0951A51E1EB62CBB00CE4A4E /* AppKit.framework in Frameworks */ = {isa = PBXBuildFile; fileRef = 097D56D01E86DCC900018F14 /* AppKit.framework */; };
		0951A51F1EB62CBB00CE4A4E /* CoreGraphics.framework in Frameworks */ = {isa = PBXBuildFile; fileRef = 097D56CE1E86DCB600018F14 /* CoreGraphics.framework */; };
		0951A5201EB62CBB00CE4A4E /* CoreFoundation.framework in Frameworks */ = {isa = PBXBuildFile; fileRef = 097D56CC1E86DCA000018F14 /* CoreFoundation.framework */; };
		0951A5221EB62CBB00CE4A4E /* libaudio.a in Frameworks */ = {isa = PBXBuildFile; fileRef = 09FF3F231E36EBBB00C81351 /* libaudio.a */; };
		0951A5301EB62CD700CE4A4E /* main.count_channels.cpp in Sources */ = {isa = PBXBuildFile; fileRef = 0951A52F1EB62CD700CE4A4E /* main.count_channels.cpp */; };
		096C6D571E9F85B800389746 /* AppKit.framework in Frameworks */ = {isa = PBXBuildFile; fileRef = 097D56D01E86DCC900018F14 /* AppKit.framework */; };
		096C6D581E9F85B800389746 /* CoreGraphics.framework in Frameworks */ = {isa = PBXBuildFile; fileRef = 097D56CE1E86DCB600018F14 /* CoreGraphics.framework */; };
		096C6D591E9F85B800389746 /* CoreFoundation.framework in Frameworks */ = {isa = PBXBuildFile; fileRef = 097D56CC1E86DCA000018F14 /* CoreFoundation.framework */; };
		096C6D5B1E9F85B800389746 /* libaudio.a in Frameworks */ = {isa = PBXBuildFile; fileRef = 09FF3F231E36EBBB00C81351 /* libaudio.a */; };
		096C6D651E9F860A00389746 /* unity.build.wir_2_wav.cpp in Sources */ = {isa = PBXBuildFile; fileRef = 096C6D641E9F860300389746 /* unity.build.wir_2_wav.cpp */; };
		097D56CD1E86DCA000018F14 /* CoreFoundation.framework in Frameworks */ = {isa = PBXBuildFile; fileRef = 097D56CC1E86DCA000018F14 /* CoreFoundation.framework */; };
		097D56CF1E86DCB600018F14 /* CoreGraphics.framework in Frameworks */ = {isa = PBXBuildFile; fileRef = 097D56CE1E86DCB600018F14 /* CoreGraphics.framework */; };
		097D56D11E86DCC900018F14 /* AppKit.framework in Frameworks */ = {isa = PBXBuildFile; fileRef = 097D56D01E86DCC900018F14 /* AppKit.framework */; };
		098474081E8058EE0014465E /* unity.build.genheaders.cpp in Sources */ = {isa = PBXBuildFile; fileRef = 098474071E8058EE0014465E /* unity.build.genheaders.cpp */; };
		098474281E8059920014465E /* libaudio.a in Frameworks */ = {isa = PBXBuildFile; fileRef = 09FF3F231E36EBBB00C81351 /* libaudio.a */; };
		099E06E11E36EC720012348E /* unity.build.cpp in Sources */ = {isa = PBXBuildFile; fileRef = 099E06E01E36EC6D0012348E /* unity.build.cpp */; };
		09BA14991E38791C00A05F83 /* unity.build.cpp in Sources */ = {isa = PBXBuildFile; fileRef = 099E06E01E36EC6D0012348E /* unity.build.cpp */; };
/* End PBXBuildFile section */

/* Begin PBXContainerItemProxy section */
		09121CAB1EABADB500BBC64B /* PBXContainerItemProxy */ = {
			isa = PBXContainerItemProxy;
			containerPortal = 09FF3F1B1E36EBBB00C81351 /* Project object */;
			proxyType = 1;
			remoteGlobalIDString = 09FF3F221E36EBBB00C81351;
			remoteInfo = audio;
		};
		093A24AF1E9B8BE8009874DF /* PBXContainerItemProxy */ = {
			isa = PBXContainerItemProxy;
			containerPortal = 09FF3F1B1E36EBBB00C81351 /* Project object */;
			proxyType = 1;
			remoteGlobalIDString = 09FF3F221E36EBBB00C81351;
			remoteInfo = audio;
		};
		093A24CE1E9B8CC3009874DF /* PBXContainerItemProxy */ = {
			isa = PBXContainerItemProxy;
			containerPortal = 09FF3F1B1E36EBBB00C81351 /* Project object */;
			proxyType = 1;
			remoteGlobalIDString = 09FF3F221E36EBBB00C81351;
			remoteInfo = audio;
		};
		0951A5151EB62CBB00CE4A4E /* PBXContainerItemProxy */ = {
			isa = PBXContainerItemProxy;
			containerPortal = 09FF3F1B1E36EBBB00C81351 /* Project object */;
			proxyType = 1;
			remoteGlobalIDString = 09FF3F221E36EBBB00C81351;
			remoteInfo = audio;
		};
		0967E4C4208E539D004B488E /* PBXContainerItemProxy */ = {
			isa = PBXContainerItemProxy;
			containerPortal = 098474191E80596D0014465E /* os.log.xcodeproj */;
			proxyType = 2;
			remoteGlobalIDString = 09C559E819C8008700879A96;
			remoteInfo = os.log.osx;
		};
		0967E4C6208E539D004B488E /* PBXContainerItemProxy */ = {
			isa = PBXContainerItemProxy;
			containerPortal = 098474191E80596D0014465E /* os.log.xcodeproj */;
			proxyType = 2;
			remoteGlobalIDString = 09C559F319C800F200879A96;
			remoteInfo = os.log.ios;
		};
		0967E4CB208E539D004B488E /* PBXContainerItemProxy */ = {
			isa = PBXContainerItemProxy;
			containerPortal = 097D56B71E86D14000018F14 /* os.storage.xcodeproj */;
			proxyType = 2;
			remoteGlobalIDString = 09C2F82919BF163B00472700;
			remoteInfo = os.storage.osx;
		};
		0967E4CD208E539D004B488E /* PBXContainerItemProxy */ = {
			isa = PBXContainerItemProxy;
			containerPortal = 097D56B71E86D14000018F14 /* os.storage.xcodeproj */;
			proxyType = 2;
			remoteGlobalIDString = 09C2F83A19BF181B00472700;
			remoteInfo = os.storage.ios;
		};
		0967E4CF208E539D004B488E /* PBXContainerItemProxy */ = {
			isa = PBXContainerItemProxy;
			containerPortal = 097D56B71E86D14000018F14 /* os.storage.xcodeproj */;
			proxyType = 2;
			remoteGlobalIDString = 0915782D1F8068940058B088;
			remoteInfo = genRndBytes;
		};
		0967E50C208E539D004B488E /* PBXContainerItemProxy */ = {
			isa = PBXContainerItemProxy;
			containerPortal = 098474091E80595C0014465E /* algorithms.xcodeproj */;
			proxyType = 2;
			remoteGlobalIDString = 09EF8EE41DB3E7C400DC7342;
			remoteInfo = algorithms.test;
		};
		0967E50E208E539D004B488E /* PBXContainerItemProxy */ = {
			isa = PBXContainerItemProxy;
			containerPortal = 098474091E80595C0014465E /* algorithms.xcodeproj */;
			proxyType = 2;
			remoteGlobalIDString = 09367D671E2E29320095BF20;
			remoteInfo = algorithms.test.ios;
		};
		0967E510208E539D004B488E /* PBXContainerItemProxy */ = {
			isa = PBXContainerItemProxy;
			containerPortal = 098474091E80595C0014465E /* algorithms.xcodeproj */;
			proxyType = 2;
			remoteGlobalIDString = 093239D81DB5651B003C168E;
			remoteInfo = algorithms;
		};
		0967E512208E539D004B488E /* PBXContainerItemProxy */ = {
			isa = PBXContainerItemProxy;
			containerPortal = 098474091E80595C0014465E /* algorithms.xcodeproj */;
			proxyType = 2;
			remoteGlobalIDString = 09168FC61E099C42005DD50F;
			remoteInfo = algorithms.ios;
		};
		096C6D4F1E9F85B800389746 /* PBXContainerItemProxy */ = {
			isa = PBXContainerItemProxy;
			containerPortal = 09FF3F1B1E36EBBB00C81351 /* Project object */;
			proxyType = 1;
			remoteGlobalIDString = 09FF3F221E36EBBB00C81351;
			remoteInfo = audio;
		};
		098474221E8059810014465E /* PBXContainerItemProxy */ = {
			isa = PBXContainerItemProxy;
			containerPortal = 09FF3F1B1E36EBBB00C81351 /* Project object */;
			proxyType = 1;
			remoteGlobalIDString = 09FF3F221E36EBBB00C81351;
			remoteInfo = audio;
		};
/* End PBXContainerItemProxy section */

/* Begin PBXCopyFilesBuildPhase section */
		09121CBB1EABADB500BBC64B /* CopyFiles */ = {
			isa = PBXCopyFilesBuildPhase;
			buildActionMask = 2147483647;
			dstPath = /usr/share/man/man1/;
			dstSubfolderSpec = 0;
			files = (
			);
			runOnlyForDeploymentPostprocessing = 1;
		};
		093A24BE1E9B8BE8009874DF /* CopyFiles */ = {
			isa = PBXCopyFilesBuildPhase;
			buildActionMask = 2147483647;
			dstPath = /usr/share/man/man1/;
			dstSubfolderSpec = 0;
			files = (
			);
			runOnlyForDeploymentPostprocessing = 1;
		};
		093A24DD1E9B8CC3009874DF /* CopyFiles */ = {
			isa = PBXCopyFilesBuildPhase;
			buildActionMask = 2147483647;
			dstPath = /usr/share/man/man1/;
			dstSubfolderSpec = 0;
			files = (
			);
			runOnlyForDeploymentPostprocessing = 1;
		};
		0951A5251EB62CBB00CE4A4E /* CopyFiles */ = {
			isa = PBXCopyFilesBuildPhase;
			buildActionMask = 2147483647;
			dstPath = /usr/share/man/man1/;
			dstSubfolderSpec = 0;
			files = (
			);
			runOnlyForDeploymentPostprocessing = 1;
		};
		096C6D5E1E9F85B800389746 /* CopyFiles */ = {
			isa = PBXCopyFilesBuildPhase;
			buildActionMask = 2147483647;
			dstPath = /usr/share/man/man1/;
			dstSubfolderSpec = 0;
			files = (
			);
			runOnlyForDeploymentPostprocessing = 1;
		};
		098473FE1E8057E90014465E /* CopyFiles */ = {
			isa = PBXCopyFilesBuildPhase;
			buildActionMask = 2147483647;
			dstPath = /usr/share/man/man1/;
			dstSubfolderSpec = 0;
			files = (
			);
			runOnlyForDeploymentPostprocessing = 1;
		};
		09BA14841E3877BD00A05F83 /* CopyFiles */ = {
			isa = PBXCopyFilesBuildPhase;
			buildActionMask = 2147483647;
			dstPath = "include/$(PRODUCT_NAME)";
			dstSubfolderSpec = 16;
			files = (
			);
			runOnlyForDeploymentPostprocessing = 0;
		};
/* End PBXCopyFilesBuildPhase section */

/* Begin PBXFileReference section */
		090B14BF1E75CC04005A47C5 /* loudness_enum_names.h */ = {isa = PBXFileReference; lastKnownFileType = sourcecode.c.h; name = loudness_enum_names.h; path = include/loudness_enum_names.h; sourceTree = "<group>"; };
		090B14C01E75CC2C005A47C5 /* loudness_enum_limits.h */ = {isa = PBXFileReference; fileEncoding = 4; lastKnownFileType = sourcecode.c.h; name = loudness_enum_limits.h; path = include/loudness_enum_limits.h; sourceTree = "<group>"; };
		090B14C21E75CCAE005A47C5 /* loudness_enum_limits_impl.h */ = {isa = PBXFileReference; lastKnownFileType = sourcecode.c.h; name = loudness_enum_limits_impl.h; path = include/loudness_enum_limits_impl.h; sourceTree = "<group>"; };
		090B14C31E75CCDF005A47C5 /* gen.cutramp.cpp */ = {isa = PBXFileReference; lastKnownFileType = sourcecode.cpp.cpp; name = gen.cutramp.cpp; path = source/gen.cutramp.cpp; sourceTree = "<group>"; };
		090B14C41E75CDF9005A47C5 /* loudness_params_specs.h */ = {isa = PBXFileReference; lastKnownFileType = sourcecode.c.h; name = loudness_params_specs.h; path = include/loudness_params_specs.h; sourceTree = "<group>"; };
		090B14C51E75D771005A47C5 /* loudness_init_values.h */ = {isa = PBXFileReference; lastKnownFileType = sourcecode.c.h; name = loudness_init_values.h; path = include/loudness_init_values.h; sourceTree = "<group>"; };
		091177B41E5B2F9100343D54 /* loudness.h */ = {isa = PBXFileReference; lastKnownFileType = sourcecode.c.h; name = loudness.h; path = include/loudness.h; sourceTree = "<group>"; };
		09121CBF1EABADB500BBC64B /* mod_wav */ = {isa = PBXFileReference; explicitFileType = "compiled.mach-o.executable"; includeInIndex = 0; path = mod_wav; sourceTree = BUILT_PRODUCTS_DIR; };
		09121CC51EABAE0E00BBC64B /* main.mod_wav.cpp */ = {isa = PBXFileReference; lastKnownFileType = sourcecode.cpp.cpp; name = main.mod_wav.cpp; path = source/main.mod_wav.cpp; sourceTree = "<group>"; };
		091E76E81E46B4FE009CFBA5 /* soundengine.h */ = {isa = PBXFileReference; lastKnownFileType = sourcecode.c.h; lineEnding = 0; name = soundengine.h; path = include/soundengine.h; sourceTree = "<group>"; xcLanguageSpecificationIdentifier = xcode.lang.objcpp; };
		091E76E91E46BE78009CFBA5 /* normalization.h */ = {isa = PBXFileReference; lastKnownFileType = sourcecode.c.h; name = normalization.h; path = include/normalization.h; sourceTree = "<group>"; };
		091E76EA1E46C02F009CFBA5 /* normalization.cpp */ = {isa = PBXFileReference; lastKnownFileType = sourcecode.cpp.cpp; name = normalization.cpp; path = source/normalization.cpp; sourceTree = "<group>"; };
		091E76EB1E46C08F009CFBA5 /* pernamespace.implparams.h */ = {isa = PBXFileReference; lastKnownFileType = sourcecode.c.h; name = pernamespace.implparams.h; path = include/pernamespace.implparams.h; sourceTree = "<group>"; };
		091E76EC1E46D03B009CFBA5 /* gen.crtp.h */ = {isa = PBXFileReference; lastKnownFileType = sourcecode.c.h; name = gen.crtp.h; path = include/gen.crtp.h; sourceTree = "<group>"; };
		092412A01E56F04500A848A8 /* samples.cpp */ = {isa = PBXFileReference; lastKnownFileType = sourcecode.cpp.cpp; name = samples.cpp; path = source/samples.cpp; sourceTree = "<group>"; };
		093268CF1EAB7031001BAA8E /* Accelerate.framework */ = {isa = PBXFileReference; lastKnownFileType = wrapper.framework; name = Accelerate.framework; path = System/Library/Frameworks/Accelerate.framework; sourceTree = SDKROOT; };
		093A24C21E9B8BE8009874DF /* wav_join_nonzeros */ = {isa = PBXFileReference; explicitFileType = "compiled.mach-o.executable"; includeInIndex = 0; path = wav_join_nonzeros; sourceTree = BUILT_PRODUCTS_DIR; };
		093A24C81E9B8C47009874DF /* unity.build.joinnonzeros.cpp */ = {isa = PBXFileReference; fileEncoding = 4; lastKnownFileType = sourcecode.cpp.cpp; name = unity.build.joinnonzeros.cpp; path = source/unity.build.joinnonzeros.cpp; sourceTree = "<group>"; };
		093A24E11E9B8CC3009874DF /* test_fft */ = {isa = PBXFileReference; explicitFileType = "compiled.mach-o.executable"; includeInIndex = 0; path = test_fft; sourceTree = BUILT_PRODUCTS_DIR; };
		093A24E21E9B8D10009874DF /* main.test_fft.cpp */ = {isa = PBXFileReference; lastKnownFileType = sourcecode.cpp.cpp; name = main.test_fft.cpp; path = source/main.test_fft.cpp; sourceTree = "<group>"; };
		093A24E31E9B8D73009874DF /* unity.build.testfft.cpp */ = {isa = PBXFileReference; fileEncoding = 4; lastKnownFileType = sourcecode.cpp.cpp; name = unity.build.testfft.cpp; path = source/unity.build.testfft.cpp; sourceTree = "<group>"; };
		093A24E51E9B8E21009874DF /* main.join_non_zeros.cpp */ = {isa = PBXFileReference; lastKnownFileType = sourcecode.cpp.cpp; name = main.join_non_zeros.cpp; path = source/main.join_non_zeros.cpp; sourceTree = "<group>"; };
		094562341E43E475006E7076 /* gen.cutramp.h */ = {isa = PBXFileReference; lastKnownFileType = sourcecode.c.h; lineEnding = 0; name = gen.cutramp.h; path = include/gen.cutramp.h; sourceTree = "<group>"; xcLanguageSpecificationIdentifier = xcode.lang.objcpp; };
		094BFE3420B80D32001F1D81 /* audio_platform_au.h */ = {isa = PBXFileReference; lastKnownFileType = sourcecode.c.h; name = audio_platform_au.h; path = include/audio_platform_au.h; sourceTree = "<group>"; };
		094BFE3E20B80D8D001F1D81 /* audio_platforms.h */ = {isa = PBXFileReference; lastKnownFileType = sourcecode.c.h; name = audio_platforms.h; path = include/audio_platforms.h; sourceTree = "<group>"; };
		094BFE3F20B80DF7001F1D81 /* audio_platform_pa.h */ = {isa = PBXFileReference; lastKnownFileType = sourcecode.c.h; name = audio_platform_pa.h; path = include/audio_platform_pa.h; sourceTree = "<group>"; };
		094BFE4020B80EE0001F1D81 /* audio_platforms.cpp */ = {isa = PBXFileReference; lastKnownFileType = sourcecode.cpp.cpp; name = audio_platforms.cpp; path = source/audio_platforms.cpp; sourceTree = "<group>"; };
		094BFE4120B81A49001F1D81 /* audio_platform_au.cpp */ = {isa = PBXFileReference; lastKnownFileType = sourcecode.cpp.cpp; name = audio_platform_au.cpp; path = source/audio_platform_au.cpp; sourceTree = "<group>"; };
		094BFE4220B825A0001F1D81 /* audio_platform_pa.cpp */ = {isa = PBXFileReference; fileEncoding = 4; lastKnownFileType = sourcecode.cpp.cpp; name = audio_platform_pa.cpp; path = source/audio_platform_pa.cpp; sourceTree = "<group>"; };
		094BFE4420B879DD001F1D81 /* channels_aggregate.h */ = {isa = PBXFileReference; lastKnownFileType = sourcecode.c.h; name = channels_aggregate.h; path = include/channels_aggregate.h; sourceTree = "<group>"; };
		094BFE4520B879DD001F1D81 /* channels.h */ = {isa = PBXFileReference; lastKnownFileType = sourcecode.c.h; name = channels.h; path = include/channels.h; sourceTree = "<group>"; };
		0951A5291EB62CBB00CE4A4E /* count_channels */ = {isa = PBXFileReference; explicitFileType = "compiled.mach-o.executable"; includeInIndex = 0; path = count_channels; sourceTree = BUILT_PRODUCTS_DIR; };
		0951A52F1EB62CD700CE4A4E /* main.count_channels.cpp */ = {isa = PBXFileReference; fileEncoding = 4; lastKnownFileType = sourcecode.cpp.cpp; name = main.count_channels.cpp; path = source/main.count_channels.cpp; sourceTree = "<group>"; };
		09529DF81E439D8D00705B99 /* gen.voice.h */ = {isa = PBXFileReference; lastKnownFileType = sourcecode.c.h; lineEnding = 0; name = gen.voice.h; path = include/gen.voice.h; sourceTree = "<group>"; xcLanguageSpecificationIdentifier = xcode.lang.objcpp; };
		09529DF91E439D8D00705B99 /* mononotechannel.h */ = {isa = PBXFileReference; lastKnownFileType = sourcecode.c.h; name = mononotechannel.h; path = include/mononotechannel.h; sourceTree = "<group>"; };
		09529DFA1E439D8D00705B99 /* events.h */ = {isa = PBXFileReference; lastKnownFileType = sourcecode.c.h; name = events.h; path = include/events.h; sourceTree = "<group>"; };
		09529DFB1E439E5F00705B99 /* paramspec.h */ = {isa = PBXFileReference; lastKnownFileType = sourcecode.c.h; name = paramspec.h; path = include/paramspec.h; sourceTree = "<group>"; };
		09529DFC1E439EC000705B99 /* program.h */ = {isa = PBXFileReference; lastKnownFileType = sourcecode.c.h; name = program.h; path = include/program.h; sourceTree = "<group>"; };
		09529DFD1E439F2700705B99 /* smoothparam.h */ = {isa = PBXFileReference; lastKnownFileType = sourcecode.c.h; name = smoothparam.h; path = include/smoothparam.h; sourceTree = "<group>"; };
		09529DFE1E439FD800705B99 /* midi.h */ = {isa = PBXFileReference; lastKnownFileType = sourcecode.c.h; name = midi.h; path = include/midi.h; sourceTree = "<group>"; };
		0966EA6E1E45C62B00A86E7C /* gen.voice.cpp */ = {isa = PBXFileReference; lastKnownFileType = sourcecode.cpp.cpp; name = gen.voice.cpp; path = source/gen.voice.cpp; sourceTree = "<group>"; };
		096C6D621E9F85B800389746 /* wir_2_wav */ = {isa = PBXFileReference; explicitFileType = "compiled.mach-o.executable"; includeInIndex = 0; path = wir_2_wav; sourceTree = BUILT_PRODUCTS_DIR; };
		096C6D631E9F860300389746 /* main.wir_2_wav.cpp */ = {isa = PBXFileReference; lastKnownFileType = sourcecode.cpp.cpp; name = main.wir_2_wav.cpp; path = source/main.wir_2_wav.cpp; sourceTree = "<group>"; };
		096C6D641E9F860300389746 /* unity.build.wir_2_wav.cpp */ = {isa = PBXFileReference; lastKnownFileType = sourcecode.cpp.cpp; name = unity.build.wir_2_wav.cpp; path = source/unity.build.wir_2_wav.cpp; sourceTree = "<group>"; };
		097D56B71E86D14000018F14 /* os.storage.xcodeproj */ = {isa = PBXFileReference; lastKnownFileType = "wrapper.pb-project"; name = os.storage.xcodeproj; path = /Users/Olivier/Dev/cpp.os.storage/os.storage.xcodeproj; sourceTree = "<absolute>"; };
		097D56C71E86D42D00018F14 /* samples.h */ = {isa = PBXFileReference; lastKnownFileType = sourcecode.c.h; name = samples.h; path = include/samples.h; sourceTree = "<group>"; };
		097D56C81E86D42D00018F14 /* loudness_filter_coefficients_gen.h */ = {isa = PBXFileReference; lastKnownFileType = sourcecode.c.h; name = loudness_filter_coefficients_gen.h; path = include/loudness_filter_coefficients_gen.h; sourceTree = "<group>"; };
		097D56CC1E86DCA000018F14 /* CoreFoundation.framework */ = {isa = PBXFileReference; lastKnownFileType = wrapper.framework; name = CoreFoundation.framework; path = System/Library/Frameworks/CoreFoundation.framework; sourceTree = SDKROOT; };
		097D56CE1E86DCB600018F14 /* CoreGraphics.framework */ = {isa = PBXFileReference; lastKnownFileType = wrapper.framework; name = CoreGraphics.framework; path = System/Library/Frameworks/CoreGraphics.framework; sourceTree = SDKROOT; };
		097D56D01E86DCC900018F14 /* AppKit.framework */ = {isa = PBXFileReference; lastKnownFileType = wrapper.framework; name = AppKit.framework; path = System/Library/Frameworks/AppKit.framework; sourceTree = SDKROOT; };
		098473FA1E7F2A8C0014465E /* loudness_filter.cpp */ = {isa = PBXFileReference; lastKnownFileType = sourcecode.cpp.cpp; name = loudness_filter.cpp; path = source/loudness_filter.cpp; sourceTree = "<group>"; };
		098474001E8057E90014465E /* generate_filters_headers */ = {isa = PBXFileReference; explicitFileType = "compiled.mach-o.executable"; includeInIndex = 0; path = generate_filters_headers; sourceTree = BUILT_PRODUCTS_DIR; };
		098474021E8057E90014465E /* main.gen_headers.cpp */ = {isa = PBXFileReference; lastKnownFileType = sourcecode.cpp.cpp; name = main.gen_headers.cpp; path = source/main.gen_headers.cpp; sourceTree = "<group>"; };
		098474071E8058EE0014465E /* unity.build.genheaders.cpp */ = {isa = PBXFileReference; fileEncoding = 4; lastKnownFileType = sourcecode.cpp.cpp; name = unity.build.genheaders.cpp; path = source/unity.build.genheaders.cpp; sourceTree = "<group>"; };
		098474091E80595C0014465E /* algorithms.xcodeproj */ = {isa = PBXFileReference; lastKnownFileType = "wrapper.pb-project"; name = algorithms.xcodeproj; path = /Users/Olivier/Dev/cpp.algorithms/algorithms.xcodeproj; sourceTree = "<absolute>"; };
		098474191E80596D0014465E /* os.log.xcodeproj */ = {isa = PBXFileReference; lastKnownFileType = "wrapper.pb-project"; name = os.log.xcodeproj; path = /Users/Olivier/Dev/cpp.os.logs/os.log.xcodeproj; sourceTree = "<absolute>"; };
		0984742B1E809F650014465E /* loudness_filter_coefficients.h */ = {isa = PBXFileReference; lastKnownFileType = sourcecode.c.h; name = loudness_filter_coefficients.h; path = include/loudness_filter_coefficients.h; sourceTree = "<group>"; };
		098EFCC21E677FBD000ADD0D /* sounds.h */ = {isa = PBXFileReference; lastKnownFileType = sourcecode.c.h; name = sounds.h; path = include/sounds.h; sourceTree = "<group>"; };
		098EFCCA1E6C5E50000ADD0D /* noise.h */ = {isa = PBXFileReference; lastKnownFileType = sourcecode.c.h; lineEnding = 0; name = noise.h; path = include/noise.h; sourceTree = "<group>"; xcLanguageSpecificationIdentifier = xcode.lang.objcpp; };
		099E06DC1E36EC6D0012348E /* parse.music.cpp */ = {isa = PBXFileReference; lastKnownFileType = sourcecode.cpp.cpp; name = parse.music.cpp; path = source/parse.music.cpp; sourceTree = "<group>"; };
		099E06DD1E36EC6D0012348E /* private.h */ = {isa = PBXFileReference; lastKnownFileType = sourcecode.c.h; name = private.h; path = source/private.h; sourceTree = "<group>"; };
		099E06DF1E36EC6D0012348E /* sound.cpp */ = {isa = PBXFileReference; lastKnownFileType = sourcecode.cpp.cpp; name = sound.cpp; path = source/sound.cpp; sourceTree = "<group>"; };
		099E06E01E36EC6D0012348E /* unity.build.cpp */ = {isa = PBXFileReference; lastKnownFileType = sourcecode.cpp.cpp; name = unity.build.cpp; path = source/unity.build.cpp; sourceTree = "<group>"; };
		099E06E41E36EC920012348E /* channel.h */ = {isa = PBXFileReference; lastKnownFileType = sourcecode.c.h; name = channel.h; path = include/channel.h; sourceTree = "<group>"; };
		099E06E51E36EC920012348E /* note.h */ = {isa = PBXFileReference; lastKnownFileType = sourcecode.c.h; name = note.h; path = include/note.h; sourceTree = "<group>"; };
		099E06E61E36EC920012348E /* audioelement.h */ = {isa = PBXFileReference; lastKnownFileType = sourcecode.c.h; lineEnding = 0; name = audioelement.h; path = include/audioelement.h; sourceTree = "<group>"; xcLanguageSpecificationIdentifier = xcode.lang.objcpp; };
		099E06E71E36EC920012348E /* out.h */ = {isa = PBXFileReference; lastKnownFileType = sourcecode.c.h; lineEnding = 0; name = out.h; path = include/out.h; sourceTree = "<group>"; xcLanguageSpecificationIdentifier = xcode.lang.objcpp; };
		099E06E81E36EC920012348E /* parse.music.h */ = {isa = PBXFileReference; lastKnownFileType = sourcecode.c.h; name = parse.music.h; path = include/parse.music.h; sourceTree = "<group>"; };
		099E06E91E36EC920012348E /* public.h */ = {isa = PBXFileReference; lastKnownFileType = sourcecode.c.h; name = public.h; path = include/public.h; sourceTree = "<group>"; };
		099E06EA1E36EC920012348E /* request.h */ = {isa = PBXFileReference; lastKnownFileType = sourcecode.c.h; name = request.h; path = include/request.h; sourceTree = "<group>"; };
		099E06EB1E36EC920012348E /* sound.defines.h */ = {isa = PBXFileReference; lastKnownFileType = sourcecode.c.h; name = sound.defines.h; path = include/sound.defines.h; sourceTree = "<group>"; };
		099E06EC1E36EC920012348E /* sound.functions.h */ = {isa = PBXFileReference; lastKnownFileType = sourcecode.c.h; name = sound.functions.h; path = include/sound.functions.h; sourceTree = "<group>"; };
		099E06ED1E36EC920012348E /* sound.h */ = {isa = PBXFileReference; lastKnownFileType = sourcecode.c.h; name = sound.h; path = include/sound.h; sourceTree = "<group>"; };
		099E06EE1E36EC920012348E /* stereo.h */ = {isa = PBXFileReference; lastKnownFileType = sourcecode.c.h; name = stereo.h; path = include/stereo.h; sourceTree = "<group>"; };
		099E06EF1E36ECE50012348E /* ios.debug.xcconfig */ = {isa = PBXFileReference; fileEncoding = 4; lastKnownFileType = text.xcconfig; name = ios.debug.xcconfig; path = xcode.config/ios.debug.xcconfig; sourceTree = "<group>"; };
		099E06F01E36ECE50012348E /* ios.release.xcconfig */ = {isa = PBXFileReference; fileEncoding = 4; lastKnownFileType = text.xcconfig; name = ios.release.xcconfig; path = xcode.config/ios.release.xcconfig; sourceTree = "<group>"; };
		099E06F11E36ECE50012348E /* ios.xcconfig */ = {isa = PBXFileReference; fileEncoding = 4; lastKnownFileType = text.xcconfig; name = ios.xcconfig; path = xcode.config/ios.xcconfig; sourceTree = "<group>"; };
		099E06F21E36ECE50012348E /* osx.debug.xcconfig */ = {isa = PBXFileReference; fileEncoding = 4; lastKnownFileType = text.xcconfig; name = osx.debug.xcconfig; path = xcode.config/osx.debug.xcconfig; sourceTree = "<group>"; };
		099E06F31E36ECE50012348E /* osx.release.xcconfig */ = {isa = PBXFileReference; fileEncoding = 4; lastKnownFileType = text.xcconfig; name = osx.release.xcconfig; path = xcode.config/osx.release.xcconfig; sourceTree = "<group>"; };
		099E06F41E36ECE50012348E /* osx.xcconfig */ = {isa = PBXFileReference; fileEncoding = 4; lastKnownFileType = text.xcconfig; name = osx.xcconfig; path = xcode.config/osx.xcconfig; sourceTree = "<group>"; };
		099E06F51E36ECE50012348E /* Project.Debug.xcconfig */ = {isa = PBXFileReference; fileEncoding = 4; lastKnownFileType = text.xcconfig; name = Project.Debug.xcconfig; path = xcode.config/Project.Debug.xcconfig; sourceTree = "<group>"; };
		099E06F61E36ECE50012348E /* Project.Release.xcconfig */ = {isa = PBXFileReference; fileEncoding = 4; lastKnownFileType = text.xcconfig; name = Project.Release.xcconfig; path = xcode.config/Project.Release.xcconfig; sourceTree = "<group>"; };
		099E06F71E36ECE50012348E /* Project.Shared.xcconfig */ = {isa = PBXFileReference; fileEncoding = 4; lastKnownFileType = text.xcconfig; name = Project.Shared.xcconfig; path = xcode.config/Project.Shared.xcconfig; sourceTree = "<group>"; };
		09A8F2291E442C3A0071C141 /* soundengine.cpp */ = {isa = PBXFileReference; lastKnownFileType = sourcecode.cpp.cpp; name = soundengine.cpp; path = source/soundengine.cpp; sourceTree = "<group>"; };
		09B839AD2092468B00D776E1 /* gen.vasine.h */ = {isa = PBXFileReference; lastKnownFileType = sourcecode.c.h; name = gen.vasine.h; path = include/gen.vasine.h; sourceTree = "<group>"; };
		09BA14861E3877BD00A05F83 /* libaudio.ios.a */ = {isa = PBXFileReference; explicitFileType = archive.ar; includeInIndex = 0; path = libaudio.ios.a; sourceTree = BUILT_PRODUCTS_DIR; };
		09C02B0B1E9A64BD00E570F5 /* read.wav.cpp */ = {isa = PBXFileReference; lastKnownFileType = sourcecode.cpp.cpp; lineEnding = 0; name = read.wav.cpp; path = source/read.wav.cpp; sourceTree = "<group>"; xcLanguageSpecificationIdentifier = xcode.lang.cpp; };
		09C02B0C1E9A64BD00E570F5 /* write.wav.cpp */ = {isa = PBXFileReference; lastKnownFileType = sourcecode.cpp.cpp; lineEnding = 0; name = write.wav.cpp; path = source/write.wav.cpp; sourceTree = "<group>"; xcLanguageSpecificationIdentifier = xcode.lang.cpp; };
		09C02B121E9A64F700E570F5 /* read.wav.h */ = {isa = PBXFileReference; lastKnownFileType = sourcecode.c.h; name = read.wav.h; path = include/read.wav.h; sourceTree = "<group>"; };
		09D4BAC11E883BA400C9472E /* events.impl.h */ = {isa = PBXFileReference; lastKnownFileType = sourcecode.c.h; name = events.impl.h; path = include/events.impl.h; sourceTree = "<group>"; };
		09DC9A0B208F4CDC0057F6EE /* gen.sine.h */ = {isa = PBXFileReference; fileEncoding = 4; lastKnownFileType = sourcecode.c.h; name = gen.sine.h; path = include/gen.sine.h; sourceTree = "<group>"; };
		09F16A7B20B7130000555324 /* audio_context.h */ = {isa = PBXFileReference; lastKnownFileType = sourcecode.c.h; name = audio_context.h; path = include/audio_context.h; sourceTree = "<group>"; };
		09F16A8520B7168200555324 /* audio_context.cpp */ = {isa = PBXFileReference; lastKnownFileType = sourcecode.cpp.cpp; name = audio_context.cpp; path = source/audio_context.cpp; sourceTree = "<group>"; };
		09FC7DDF20BAAA780037B04C /* public_c.h */ = {isa = PBXFileReference; lastKnownFileType = sourcecode.c.h; name = public_c.h; path = include/public_c.h; sourceTree = "<group>"; };
		09FC7DE920BAAA780037B04C /* ahdsr.h */ = {isa = PBXFileReference; lastKnownFileType = sourcecode.c.h; name = ahdsr.h; path = include/ahdsr.h; sourceTree = "<group>"; };
		09FD59EB1E7F266D0052B2FD /* loudness_filter.h */ = {isa = PBXFileReference; lastKnownFileType = sourcecode.c.h; name = loudness_filter.h; path = include/loudness_filter.h; sourceTree = "<group>"; };
		09FF3F231E36EBBB00C81351 /* libaudio.a */ = {isa = PBXFileReference; explicitFileType = archive.ar; includeInIndex = 0; path = libaudio.a; sourceTree = BUILT_PRODUCTS_DIR; };
/* End PBXFileReference section */

/* Begin PBXFrameworksBuildPhase section */
		09121CB21EABADB500BBC64B /* Frameworks */ = {
			isa = PBXFrameworksBuildPhase;
			buildActionMask = 2147483647;
			files = (
				09121CB31EABADB500BBC64B /* Accelerate.framework in Frameworks */,
				09121CB41EABADB500BBC64B /* AppKit.framework in Frameworks */,
				09121CB51EABADB500BBC64B /* CoreGraphics.framework in Frameworks */,
				09121CB61EABADB500BBC64B /* CoreFoundation.framework in Frameworks */,
				09121CB81EABADB500BBC64B /* libaudio.a in Frameworks */,
			);
			runOnlyForDeploymentPostprocessing = 0;
		};
		093A24B61E9B8BE8009874DF /* Frameworks */ = {
			isa = PBXFrameworksBuildPhase;
			buildActionMask = 2147483647;
			files = (
				093268D01EAB7031001BAA8E /* Accelerate.framework in Frameworks */,
				093A24B71E9B8BE8009874DF /* AppKit.framework in Frameworks */,
				093A24B81E9B8BE8009874DF /* CoreGraphics.framework in Frameworks */,
				093A24B91E9B8BE8009874DF /* CoreFoundation.framework in Frameworks */,
				093A24BB1E9B8BE8009874DF /* libaudio.a in Frameworks */,
			);
			runOnlyForDeploymentPostprocessing = 0;
		};
		093A24D51E9B8CC3009874DF /* Frameworks */ = {
			isa = PBXFrameworksBuildPhase;
			buildActionMask = 2147483647;
			files = (
				093268D71EAB703B001BAA8E /* Accelerate.framework in Frameworks */,
				093A24D61E9B8CC3009874DF /* AppKit.framework in Frameworks */,
				093A24D71E9B8CC3009874DF /* CoreGraphics.framework in Frameworks */,
				093A24D81E9B8CC3009874DF /* CoreFoundation.framework in Frameworks */,
				093A24DA1E9B8CC3009874DF /* libaudio.a in Frameworks */,
			);
			runOnlyForDeploymentPostprocessing = 0;
		};
		0951A51C1EB62CBB00CE4A4E /* Frameworks */ = {
			isa = PBXFrameworksBuildPhase;
			buildActionMask = 2147483647;
			files = (
				0951A51D1EB62CBB00CE4A4E /* Accelerate.framework in Frameworks */,
				0951A51E1EB62CBB00CE4A4E /* AppKit.framework in Frameworks */,
				0951A51F1EB62CBB00CE4A4E /* CoreGraphics.framework in Frameworks */,
				0951A5201EB62CBB00CE4A4E /* CoreFoundation.framework in Frameworks */,
				0951A5221EB62CBB00CE4A4E /* libaudio.a in Frameworks */,
			);
			runOnlyForDeploymentPostprocessing = 0;
		};
		096C6D561E9F85B800389746 /* Frameworks */ = {
			isa = PBXFrameworksBuildPhase;
			buildActionMask = 2147483647;
			files = (
				093268D81EAB7040001BAA8E /* Accelerate.framework in Frameworks */,
				096C6D571E9F85B800389746 /* AppKit.framework in Frameworks */,
				096C6D581E9F85B800389746 /* CoreGraphics.framework in Frameworks */,
				096C6D591E9F85B800389746 /* CoreFoundation.framework in Frameworks */,
				096C6D5B1E9F85B800389746 /* libaudio.a in Frameworks */,
			);
			runOnlyForDeploymentPostprocessing = 0;
		};
		098473FD1E8057E90014465E /* Frameworks */ = {
			isa = PBXFrameworksBuildPhase;
			buildActionMask = 2147483647;
			files = (
				093268D61EAB7036001BAA8E /* Accelerate.framework in Frameworks */,
				097D56D11E86DCC900018F14 /* AppKit.framework in Frameworks */,
				097D56CF1E86DCB600018F14 /* CoreGraphics.framework in Frameworks */,
				097D56CD1E86DCA000018F14 /* CoreFoundation.framework in Frameworks */,
				098474281E8059920014465E /* libaudio.a in Frameworks */,
			);
			runOnlyForDeploymentPostprocessing = 0;
		};
		09BA14831E3877BD00A05F83 /* Frameworks */ = {
			isa = PBXFrameworksBuildPhase;
			buildActionMask = 2147483647;
			files = (
			);
			runOnlyForDeploymentPostprocessing = 0;
		};
		09FF3F201E36EBBB00C81351 /* Frameworks */ = {
			isa = PBXFrameworksBuildPhase;
			buildActionMask = 2147483647;
			files = (
			);
			runOnlyForDeploymentPostprocessing = 0;
		};
/* End PBXFrameworksBuildPhase section */

/* Begin PBXGroup section */
		0967E463208E539D004B488E /* Products */ = {
			isa = PBXGroup;
			children = (
				0967E4C5208E539D004B488E /* libos.log.osx.a */,
				0967E4C7208E539D004B488E /* libos.log.ios.a */,
			);
			name = Products;
			sourceTree = "<group>";
		};
		0967E4BE208E539D004B488E /* Products */ = {
			isa = PBXGroup;
			children = (
				0967E4CC208E539D004B488E /* libos.storage.osx.a */,
				0967E4CE208E539D004B488E /* libos.storage.ios.a */,
				0967E4D0208E539D004B488E /* genRndBytes */,
			);
			name = Products;
			sourceTree = "<group>";
		};
		0967E506208E539D004B488E /* Products */ = {
			isa = PBXGroup;
			children = (
				0967E50D208E539D004B488E /* algorithms.test.xctest */,
				0967E50F208E539D004B488E /* algorithms.test.ios.xctest */,
				0967E511208E539D004B488E /* libalgorithms.a */,
				0967E513208E539D004B488E /* libalgorithms.ios.a */,
			);
			name = Products;
			sourceTree = "<group>";
		};
		097D56CB1E86DCA000018F14 /* Frameworks */ = {
			isa = PBXGroup;
			children = (
				093268CF1EAB7031001BAA8E /* Accelerate.framework */,
				097D56D01E86DCC900018F14 /* AppKit.framework */,
				097D56CE1E86DCB600018F14 /* CoreGraphics.framework */,
				097D56CC1E86DCA000018F14 /* CoreFoundation.framework */,
			);
			name = Frameworks;
			sourceTree = "<group>";
		};
		098474181E8059600014465E /* dependencies */ = {
			isa = PBXGroup;
			children = (
				097D56B71E86D14000018F14 /* os.storage.xcodeproj */,
				098474191E80596D0014465E /* os.log.xcodeproj */,
				098474091E80595C0014465E /* algorithms.xcodeproj */,
			);
			name = dependencies;
			sourceTree = "<group>";
		};
		099E06E21E36EC7F0012348E /* source */ = {
			isa = PBXGroup;
			children = (
				094BFE4220B825A0001F1D81 /* audio_platform_pa.cpp */,
				094BFE4120B81A49001F1D81 /* audio_platform_au.cpp */,
				094BFE4020B80EE0001F1D81 /* audio_platforms.cpp */,
				09F16A8520B7168200555324 /* audio_context.cpp */,
				0951A52F1EB62CD700CE4A4E /* main.count_channels.cpp */,
				090B14C31E75CCDF005A47C5 /* gen.cutramp.cpp */,
				0966EA6E1E45C62B00A86E7C /* gen.voice.cpp */,
				098473FA1E7F2A8C0014465E /* loudness_filter.cpp */,
				098474021E8057E90014465E /* main.gen_headers.cpp */,
				093A24E51E9B8E21009874DF /* main.join_non_zeros.cpp */,
				09121CC51EABAE0E00BBC64B /* main.mod_wav.cpp */,
				093A24E21E9B8D10009874DF /* main.test_fft.cpp */,
				096C6D631E9F860300389746 /* main.wir_2_wav.cpp */,
				091E76EA1E46C02F009CFBA5 /* normalization.cpp */,
				099E06DC1E36EC6D0012348E /* parse.music.cpp */,
				099E06DD1E36EC6D0012348E /* private.h */,
				09C02B0B1E9A64BD00E570F5 /* read.wav.cpp */,
				092412A01E56F04500A848A8 /* samples.cpp */,
				099E06DF1E36EC6D0012348E /* sound.cpp */,
				09A8F2291E442C3A0071C141 /* soundengine.cpp */,
				099E06E01E36EC6D0012348E /* unity.build.cpp */,
				098474071E8058EE0014465E /* unity.build.genheaders.cpp */,
				093A24C81E9B8C47009874DF /* unity.build.joinnonzeros.cpp */,
				093A24E31E9B8D73009874DF /* unity.build.testfft.cpp */,
				096C6D641E9F860300389746 /* unity.build.wir_2_wav.cpp */,
				09C02B0C1E9A64BD00E570F5 /* write.wav.cpp */,
			);
			name = source;
			sourceTree = "<group>";
		};
		099E06E31E36EC850012348E /* include */ = {
			isa = PBXGroup;
			children = (
				09FC7DE920BAAA780037B04C /* ahdsr.h */,
				09F16A7B20B7130000555324 /* audio_context.h */,
				094BFE3420B80D32001F1D81 /* audio_platform_au.h */,
				094BFE3F20B80DF7001F1D81 /* audio_platform_pa.h */,
				094BFE3E20B80D8D001F1D81 /* audio_platforms.h */,
				099E06E61E36EC920012348E /* audioelement.h */,
				099E06E41E36EC920012348E /* channel.h */,
				094BFE4420B879DD001F1D81 /* channels_aggregate.h */,
				094BFE4520B879DD001F1D81 /* channels.h */,
				09529DFA1E439D8D00705B99 /* events.h */,
				09D4BAC11E883BA400C9472E /* events.impl.h */,
				091E76EC1E46D03B009CFBA5 /* gen.crtp.h */,
				094562341E43E475006E7076 /* gen.cutramp.h */,
				09DC9A0B208F4CDC0057F6EE /* gen.sine.h */,
				09B839AD2092468B00D776E1 /* gen.vasine.h */,
				09529DF81E439D8D00705B99 /* gen.voice.h */,
				090B14C21E75CCAE005A47C5 /* loudness_enum_limits_impl.h */,
				090B14C01E75CC2C005A47C5 /* loudness_enum_limits.h */,
				090B14BF1E75CC04005A47C5 /* loudness_enum_names.h */,
				097D56C81E86D42D00018F14 /* loudness_filter_coefficients_gen.h */,
				0984742B1E809F650014465E /* loudness_filter_coefficients.h */,
				09FD59EB1E7F266D0052B2FD /* loudness_filter.h */,
				090B14C51E75D771005A47C5 /* loudness_init_values.h */,
				090B14C41E75CDF9005A47C5 /* loudness_params_specs.h */,
				091177B41E5B2F9100343D54 /* loudness.h */,
				09529DFE1E439FD800705B99 /* midi.h */,
				09529DF91E439D8D00705B99 /* mononotechannel.h */,
				098EFCCA1E6C5E50000ADD0D /* noise.h */,
				091E76E91E46BE78009CFBA5 /* normalization.h */,
				099E06E51E36EC920012348E /* note.h */,
				099E06E71E36EC920012348E /* out.h */,
				09529DFB1E439E5F00705B99 /* paramspec.h */,
				099E06E81E36EC920012348E /* parse.music.h */,
				091E76EB1E46C08F009CFBA5 /* pernamespace.implparams.h */,
				09529DFC1E439EC000705B99 /* program.h */,
				09FC7DDF20BAAA780037B04C /* public_c.h */,
				099E06E91E36EC920012348E /* public.h */,
				09C02B121E9A64F700E570F5 /* read.wav.h */,
				099E06EA1E36EC920012348E /* request.h */,
				097D56C71E86D42D00018F14 /* samples.h */,
				09529DFD1E439F2700705B99 /* smoothparam.h */,
				099E06EB1E36EC920012348E /* sound.defines.h */,
				099E06EC1E36EC920012348E /* sound.functions.h */,
				099E06ED1E36EC920012348E /* sound.h */,
				091E76E81E46B4FE009CFBA5 /* soundengine.h */,
				098EFCC21E677FBD000ADD0D /* sounds.h */,
				099E06EE1E36EC920012348E /* stereo.h */,
			);
			name = include;
			sourceTree = "<group>";
		};
		099E06F81E36ECFC0012348E /* xcode.config */ = {
			isa = PBXGroup;
			children = (
				099E06EF1E36ECE50012348E /* ios.debug.xcconfig */,
				099E06F01E36ECE50012348E /* ios.release.xcconfig */,
				099E06F11E36ECE50012348E /* ios.xcconfig */,
				099E06F21E36ECE50012348E /* osx.debug.xcconfig */,
				099E06F31E36ECE50012348E /* osx.release.xcconfig */,
				099E06F41E36ECE50012348E /* osx.xcconfig */,
				099E06F51E36ECE50012348E /* Project.Debug.xcconfig */,
				099E06F61E36ECE50012348E /* Project.Release.xcconfig */,
				099E06F71E36ECE50012348E /* Project.Shared.xcconfig */,
			);
			name = xcode.config;
			sourceTree = "<group>";
		};
		09FF3F1A1E36EBBB00C81351 = {
			isa = PBXGroup;
			children = (
				098474181E8059600014465E /* dependencies */,
				099E06F81E36ECFC0012348E /* xcode.config */,
				099E06E31E36EC850012348E /* include */,
				099E06E21E36EC7F0012348E /* source */,
				09FF3F241E36EBBB00C81351 /* Products */,
				097D56CB1E86DCA000018F14 /* Frameworks */,
			);
			sourceTree = "<group>";
		};
		09FF3F241E36EBBB00C81351 /* Products */ = {
			isa = PBXGroup;
			children = (
				09FF3F231E36EBBB00C81351 /* libaudio.a */,
				09BA14861E3877BD00A05F83 /* libaudio.ios.a */,
				098474001E8057E90014465E /* generate_filters_headers */,
				093A24C21E9B8BE8009874DF /* wav_join_nonzeros */,
				093A24E11E9B8CC3009874DF /* test_fft */,
				096C6D621E9F85B800389746 /* wir_2_wav */,
				09121CBF1EABADB500BBC64B /* mod_wav */,
				0951A5291EB62CBB00CE4A4E /* count_channels */,
			);
			name = Products;
			sourceTree = "<group>";
		};
/* End PBXGroup section */

/* Begin PBXHeadersBuildPhase section */
		09FF3F211E36EBBB00C81351 /* Headers */ = {
			isa = PBXHeadersBuildPhase;
			buildActionMask = 2147483647;
			files = (
				090B14C11E75CC2C005A47C5 /* loudness_enum_limits.h in Headers */,
			);
			runOnlyForDeploymentPostprocessing = 0;
		};
/* End PBXHeadersBuildPhase section */

/* Begin PBXNativeTarget section */
		09121CA71EABADB500BBC64B /* mod_wav */ = {
			isa = PBXNativeTarget;
			buildConfigurationList = 09121CBC1EABADB500BBC64B /* Build configuration list for PBXNativeTarget "mod_wav" */;
			buildPhases = (
				09121CB01EABADB500BBC64B /* Sources */,
				09121CB21EABADB500BBC64B /* Frameworks */,
				09121CBB1EABADB500BBC64B /* CopyFiles */,
			);
			buildRules = (
			);
			dependencies = (
				09121CAA1EABADB500BBC64B /* PBXTargetDependency */,
			);
			name = mod_wav;
			productName = generate_filters_headers;
			productReference = 09121CBF1EABADB500BBC64B /* mod_wav */;
			productType = "com.apple.product-type.tool";
		};
		093A24AB1E9B8BE8009874DF /* wav_join_nonzeros */ = {
			isa = PBXNativeTarget;
			buildConfigurationList = 093A24BF1E9B8BE8009874DF /* Build configuration list for PBXNativeTarget "wav_join_nonzeros" */;
			buildPhases = (
				093A24B41E9B8BE8009874DF /* Sources */,
				093A24B61E9B8BE8009874DF /* Frameworks */,
				093A24BE1E9B8BE8009874DF /* CopyFiles */,
			);
			buildRules = (
			);
			dependencies = (
				093A24AE1E9B8BE8009874DF /* PBXTargetDependency */,
			);
			name = wav_join_nonzeros;
			productName = generate_filters_headers;
			productReference = 093A24C21E9B8BE8009874DF /* wav_join_nonzeros */;
			productType = "com.apple.product-type.tool";
		};
		093A24CA1E9B8CC3009874DF /* test_fft */ = {
			isa = PBXNativeTarget;
			buildConfigurationList = 093A24DE1E9B8CC3009874DF /* Build configuration list for PBXNativeTarget "test_fft" */;
			buildPhases = (
				093A24D31E9B8CC3009874DF /* Sources */,
				093A24D51E9B8CC3009874DF /* Frameworks */,
				093A24DD1E9B8CC3009874DF /* CopyFiles */,
			);
			buildRules = (
			);
			dependencies = (
				093A24CD1E9B8CC3009874DF /* PBXTargetDependency */,
			);
			name = test_fft;
			productName = generate_filters_headers;
			productReference = 093A24E11E9B8CC3009874DF /* test_fft */;
			productType = "com.apple.product-type.tool";
		};
		0951A5111EB62CBB00CE4A4E /* count_channels */ = {
			isa = PBXNativeTarget;
			buildConfigurationList = 0951A5261EB62CBB00CE4A4E /* Build configuration list for PBXNativeTarget "count_channels" */;
			buildPhases = (
				0951A51A1EB62CBB00CE4A4E /* Sources */,
				0951A51C1EB62CBB00CE4A4E /* Frameworks */,
				0951A5251EB62CBB00CE4A4E /* CopyFiles */,
			);
			buildRules = (
			);
			dependencies = (
				0951A5141EB62CBB00CE4A4E /* PBXTargetDependency */,
			);
			name = count_channels;
			productName = generate_filters_headers;
			productReference = 0951A5291EB62CBB00CE4A4E /* count_channels */;
			productType = "com.apple.product-type.tool";
		};
		096C6D4B1E9F85B800389746 /* wir_2_wav */ = {
			isa = PBXNativeTarget;
			buildConfigurationList = 096C6D5F1E9F85B800389746 /* Build configuration list for PBXNativeTarget "wir_2_wav" */;
			buildPhases = (
				096C6D541E9F85B800389746 /* Sources */,
				096C6D561E9F85B800389746 /* Frameworks */,
				096C6D5E1E9F85B800389746 /* CopyFiles */,
			);
			buildRules = (
			);
			dependencies = (
				096C6D4E1E9F85B800389746 /* PBXTargetDependency */,
			);
			name = wir_2_wav;
			productName = generate_filters_headers;
			productReference = 096C6D621E9F85B800389746 /* wir_2_wav */;
			productType = "com.apple.product-type.tool";
		};
		098473FF1E8057E90014465E /* generate_filters_headers */ = {
			isa = PBXNativeTarget;
			buildConfigurationList = 098474041E8057E90014465E /* Build configuration list for PBXNativeTarget "generate_filters_headers" */;
			buildPhases = (
				098473FC1E8057E90014465E /* Sources */,
				098473FD1E8057E90014465E /* Frameworks */,
				098473FE1E8057E90014465E /* CopyFiles */,
			);
			buildRules = (
			);
			dependencies = (
				098474231E8059810014465E /* PBXTargetDependency */,
			);
			name = generate_filters_headers;
			productName = generate_filters_headers;
			productReference = 098474001E8057E90014465E /* generate_filters_headers */;
			productType = "com.apple.product-type.tool";
		};
		09BA14851E3877BD00A05F83 /* audio.ios */ = {
			isa = PBXNativeTarget;
			buildConfigurationList = 09BA148C1E3877BD00A05F83 /* Build configuration list for PBXNativeTarget "audio.ios" */;
			buildPhases = (
				09BA14821E3877BD00A05F83 /* Sources */,
				09BA14831E3877BD00A05F83 /* Frameworks */,
				09BA14841E3877BD00A05F83 /* CopyFiles */,
			);
			buildRules = (
			);
			dependencies = (
			);
			name = audio.ios;
			productName = audio.ios;
			productReference = 09BA14861E3877BD00A05F83 /* libaudio.ios.a */;
			productType = "com.apple.product-type.library.static";
		};
		09FF3F221E36EBBB00C81351 /* audio */ = {
			isa = PBXNativeTarget;
			buildConfigurationList = 09FF3F2E1E36EBBB00C81351 /* Build configuration list for PBXNativeTarget "audio" */;
			buildPhases = (
				09FF3F1F1E36EBBB00C81351 /* Sources */,
				09FF3F201E36EBBB00C81351 /* Frameworks */,
				09FF3F211E36EBBB00C81351 /* Headers */,
			);
			buildRules = (
			);
			dependencies = (
			);
			name = audio;
			productName = audio;
			productReference = 09FF3F231E36EBBB00C81351 /* libaudio.a */;
			productType = "com.apple.product-type.library.static";
		};
/* End PBXNativeTarget section */

/* Begin PBXProject section */
		09FF3F1B1E36EBBB00C81351 /* Project object */ = {
			isa = PBXProject;
			attributes = {
				LastUpgradeCheck = 0820;
				ORGANIZATIONNAME = Olivier;
				TargetAttributes = {
					098473FF1E8057E90014465E = {
						CreatedOnToolsVersion = 8.2.1;
						ProvisioningStyle = Automatic;
					};
					09BA14851E3877BD00A05F83 = {
						CreatedOnToolsVersion = 8.2.1;
						ProvisioningStyle = Automatic;
					};
					09FF3F221E36EBBB00C81351 = {
						CreatedOnToolsVersion = 8.2.1;
						ProvisioningStyle = Automatic;
					};
				};
			};
			buildConfigurationList = 09FF3F1E1E36EBBB00C81351 /* Build configuration list for PBXProject "audio" */;
			compatibilityVersion = "Xcode 3.2";
			developmentRegion = English;
			hasScannedForEncodings = 0;
			knownRegions = (
				en,
			);
			mainGroup = 09FF3F1A1E36EBBB00C81351;
			productRefGroup = 09FF3F241E36EBBB00C81351 /* Products */;
			projectDirPath = "";
			projectReferences = (
				{
					ProductGroup = 0967E506208E539D004B488E /* Products */;
					ProjectRef = 098474091E80595C0014465E /* algorithms.xcodeproj */;
				},
				{
					ProductGroup = 0967E463208E539D004B488E /* Products */;
					ProjectRef = 098474191E80596D0014465E /* os.log.xcodeproj */;
				},
				{
					ProductGroup = 0967E4BE208E539D004B488E /* Products */;
					ProjectRef = 097D56B71E86D14000018F14 /* os.storage.xcodeproj */;
				},
			);
			projectRoot = "";
			targets = (
				09FF3F221E36EBBB00C81351 /* audio */,
				09BA14851E3877BD00A05F83 /* audio.ios */,
				098473FF1E8057E90014465E /* generate_filters_headers */,
				093A24AB1E9B8BE8009874DF /* wav_join_nonzeros */,
				093A24CA1E9B8CC3009874DF /* test_fft */,
				096C6D4B1E9F85B800389746 /* wir_2_wav */,
				09121CA71EABADB500BBC64B /* mod_wav */,
				0951A5111EB62CBB00CE4A4E /* count_channels */,
			);
		};
/* End PBXProject section */

/* Begin PBXReferenceProxy section */
		0967E4C5208E539D004B488E /* libos.log.osx.a */ = {
			isa = PBXReferenceProxy;
			fileType = archive.ar;
			path = libos.log.osx.a;
			remoteRef = 0967E4C4208E539D004B488E /* PBXContainerItemProxy */;
			sourceTree = BUILT_PRODUCTS_DIR;
		};
		0967E4C7208E539D004B488E /* libos.log.ios.a */ = {
			isa = PBXReferenceProxy;
			fileType = archive.ar;
			path = libos.log.ios.a;
			remoteRef = 0967E4C6208E539D004B488E /* PBXContainerItemProxy */;
			sourceTree = BUILT_PRODUCTS_DIR;
		};
		0967E4CC208E539D004B488E /* libos.storage.osx.a */ = {
			isa = PBXReferenceProxy;
			fileType = archive.ar;
			path = libos.storage.osx.a;
			remoteRef = 0967E4CB208E539D004B488E /* PBXContainerItemProxy */;
			sourceTree = BUILT_PRODUCTS_DIR;
		};
		0967E4CE208E539D004B488E /* libos.storage.ios.a */ = {
			isa = PBXReferenceProxy;
			fileType = archive.ar;
			path = libos.storage.ios.a;
			remoteRef = 0967E4CD208E539D004B488E /* PBXContainerItemProxy */;
			sourceTree = BUILT_PRODUCTS_DIR;
		};
		0967E4D0208E539D004B488E /* genRndBytes */ = {
			isa = PBXReferenceProxy;
			fileType = "compiled.mach-o.executable";
			path = genRndBytes;
			remoteRef = 0967E4CF208E539D004B488E /* PBXContainerItemProxy */;
			sourceTree = BUILT_PRODUCTS_DIR;
		};
		0967E50D208E539D004B488E /* algorithms.test.xctest */ = {
			isa = PBXReferenceProxy;
			fileType = wrapper.cfbundle;
			path = algorithms.test.xctest;
			remoteRef = 0967E50C208E539D004B488E /* PBXContainerItemProxy */;
			sourceTree = BUILT_PRODUCTS_DIR;
		};
		0967E50F208E539D004B488E /* algorithms.test.ios.xctest */ = {
			isa = PBXReferenceProxy;
			fileType = wrapper.cfbundle;
			path = algorithms.test.ios.xctest;
			remoteRef = 0967E50E208E539D004B488E /* PBXContainerItemProxy */;
			sourceTree = BUILT_PRODUCTS_DIR;
		};
		0967E511208E539D004B488E /* libalgorithms.a */ = {
			isa = PBXReferenceProxy;
			fileType = archive.ar;
			path = libalgorithms.a;
			remoteRef = 0967E510208E539D004B488E /* PBXContainerItemProxy */;
			sourceTree = BUILT_PRODUCTS_DIR;
		};
		0967E513208E539D004B488E /* libalgorithms.ios.a */ = {
			isa = PBXReferenceProxy;
			fileType = archive.ar;
			path = libalgorithms.ios.a;
			remoteRef = 0967E512208E539D004B488E /* PBXContainerItemProxy */;
			sourceTree = BUILT_PRODUCTS_DIR;
		};
/* End PBXReferenceProxy section */

/* Begin PBXSourcesBuildPhase section */
		09121CB01EABADB500BBC64B /* Sources */ = {
			isa = PBXSourcesBuildPhase;
			buildActionMask = 2147483647;
			files = (
				09121CC61EABAE1F00BBC64B /* main.mod_wav.cpp in Sources */,
			);
			runOnlyForDeploymentPostprocessing = 0;
		};
		093A24B41E9B8BE8009874DF /* Sources */ = {
			isa = PBXSourcesBuildPhase;
			buildActionMask = 2147483647;
			files = (
				093A24C91E9B8C47009874DF /* unity.build.joinnonzeros.cpp in Sources */,
			);
			runOnlyForDeploymentPostprocessing = 0;
		};
		093A24D31E9B8CC3009874DF /* Sources */ = {
			isa = PBXSourcesBuildPhase;
			buildActionMask = 2147483647;
			files = (
				093A24E41E9B8D73009874DF /* unity.build.testfft.cpp in Sources */,
			);
			runOnlyForDeploymentPostprocessing = 0;
		};
		0951A51A1EB62CBB00CE4A4E /* Sources */ = {
			isa = PBXSourcesBuildPhase;
			buildActionMask = 2147483647;
			files = (
				0951A5301EB62CD700CE4A4E /* main.count_channels.cpp in Sources */,
			);
			runOnlyForDeploymentPostprocessing = 0;
		};
		096C6D541E9F85B800389746 /* Sources */ = {
			isa = PBXSourcesBuildPhase;
			buildActionMask = 2147483647;
			files = (
				096C6D651E9F860A00389746 /* unity.build.wir_2_wav.cpp in Sources */,
			);
			runOnlyForDeploymentPostprocessing = 0;
		};
		098473FC1E8057E90014465E /* Sources */ = {
			isa = PBXSourcesBuildPhase;
			buildActionMask = 2147483647;
			files = (
				098474081E8058EE0014465E /* unity.build.genheaders.cpp in Sources */,
			);
			runOnlyForDeploymentPostprocessing = 0;
		};
		09BA14821E3877BD00A05F83 /* Sources */ = {
			isa = PBXSourcesBuildPhase;
			buildActionMask = 2147483647;
			files = (
				09BA14991E38791C00A05F83 /* unity.build.cpp in Sources */,
			);
			runOnlyForDeploymentPostprocessing = 0;
		};
		09FF3F1F1E36EBBB00C81351 /* Sources */ = {
			isa = PBXSourcesBuildPhase;
			buildActionMask = 2147483647;
			files = (
				099E06E11E36EC720012348E /* unity.build.cpp in Sources */,
			);
			runOnlyForDeploymentPostprocessing = 0;
		};
/* End PBXSourcesBuildPhase section */

/* Begin PBXTargetDependency section */
		09121CAA1EABADB500BBC64B /* PBXTargetDependency */ = {
			isa = PBXTargetDependency;
			target = 09FF3F221E36EBBB00C81351 /* audio */;
			targetProxy = 09121CAB1EABADB500BBC64B /* PBXContainerItemProxy */;
		};
		093A24AE1E9B8BE8009874DF /* PBXTargetDependency */ = {
			isa = PBXTargetDependency;
			target = 09FF3F221E36EBBB00C81351 /* audio */;
			targetProxy = 093A24AF1E9B8BE8009874DF /* PBXContainerItemProxy */;
		};
		093A24CD1E9B8CC3009874DF /* PBXTargetDependency */ = {
			isa = PBXTargetDependency;
			target = 09FF3F221E36EBBB00C81351 /* audio */;
			targetProxy = 093A24CE1E9B8CC3009874DF /* PBXContainerItemProxy */;
		};
		0951A5141EB62CBB00CE4A4E /* PBXTargetDependency */ = {
			isa = PBXTargetDependency;
			target = 09FF3F221E36EBBB00C81351 /* audio */;
			targetProxy = 0951A5151EB62CBB00CE4A4E /* PBXContainerItemProxy */;
		};
		096C6D4E1E9F85B800389746 /* PBXTargetDependency */ = {
			isa = PBXTargetDependency;
			target = 09FF3F221E36EBBB00C81351 /* audio */;
			targetProxy = 096C6D4F1E9F85B800389746 /* PBXContainerItemProxy */;
		};
		098474231E8059810014465E /* PBXTargetDependency */ = {
			isa = PBXTargetDependency;
			target = 09FF3F221E36EBBB00C81351 /* audio */;
			targetProxy = 098474221E8059810014465E /* PBXContainerItemProxy */;
		};
/* End PBXTargetDependency section */

/* Begin XCBuildConfiguration section */
		09121CBD1EABADB500BBC64B /* Debug */ = {
			isa = XCBuildConfiguration;
			baseConfigurationReference = 099E06F21E36ECE50012348E /* osx.debug.xcconfig */;
			buildSettings = {
				PRODUCT_NAME = "$(TARGET_NAME)";
			};
			name = Debug;
		};
		09121CBE1EABADB500BBC64B /* Release */ = {
			isa = XCBuildConfiguration;
			baseConfigurationReference = 099E06F31E36ECE50012348E /* osx.release.xcconfig */;
			buildSettings = {
				PRODUCT_NAME = "$(TARGET_NAME)";
			};
			name = Release;
		};
		093A24C01E9B8BE8009874DF /* Debug */ = {
			isa = XCBuildConfiguration;
			baseConfigurationReference = 099E06F21E36ECE50012348E /* osx.debug.xcconfig */;
			buildSettings = {
				PRODUCT_NAME = "$(TARGET_NAME)";
			};
			name = Debug;
		};
		093A24C11E9B8BE8009874DF /* Release */ = {
			isa = XCBuildConfiguration;
			baseConfigurationReference = 099E06F31E36ECE50012348E /* osx.release.xcconfig */;
			buildSettings = {
				PRODUCT_NAME = "$(TARGET_NAME)";
			};
			name = Release;
		};
		093A24DF1E9B8CC3009874DF /* Debug */ = {
			isa = XCBuildConfiguration;
			baseConfigurationReference = 099E06F21E36ECE50012348E /* osx.debug.xcconfig */;
			buildSettings = {
				PRODUCT_NAME = "$(TARGET_NAME)";
			};
			name = Debug;
		};
		093A24E01E9B8CC3009874DF /* Release */ = {
			isa = XCBuildConfiguration;
			baseConfigurationReference = 099E06F31E36ECE50012348E /* osx.release.xcconfig */;
			buildSettings = {
				PRODUCT_NAME = "$(TARGET_NAME)";
			};
			name = Release;
		};
		0951A5271EB62CBB00CE4A4E /* Debug */ = {
			isa = XCBuildConfiguration;
			baseConfigurationReference = 099E06F21E36ECE50012348E /* osx.debug.xcconfig */;
			buildSettings = {
				PRODUCT_NAME = "$(TARGET_NAME)";
			};
			name = Debug;
		};
		0951A5281EB62CBB00CE4A4E /* Release */ = {
			isa = XCBuildConfiguration;
			baseConfigurationReference = 099E06F31E36ECE50012348E /* osx.release.xcconfig */;
			buildSettings = {
				PRODUCT_NAME = "$(TARGET_NAME)";
			};
			name = Release;
		};
		096C6D601E9F85B800389746 /* Debug */ = {
			isa = XCBuildConfiguration;
			baseConfigurationReference = 099E06F21E36ECE50012348E /* osx.debug.xcconfig */;
			buildSettings = {
				PRODUCT_NAME = "$(TARGET_NAME)";
			};
			name = Debug;
		};
		096C6D611E9F85B800389746 /* Release */ = {
			isa = XCBuildConfiguration;
			baseConfigurationReference = 099E06F31E36ECE50012348E /* osx.release.xcconfig */;
			buildSettings = {
				PRODUCT_NAME = "$(TARGET_NAME)";
			};
			name = Release;
		};
		098474051E8057E90014465E /* Debug */ = {
			isa = XCBuildConfiguration;
			baseConfigurationReference = 099E06F21E36ECE50012348E /* osx.debug.xcconfig */;
			buildSettings = {
			};
			name = Debug;
		};
		098474061E8057E90014465E /* Release */ = {
			isa = XCBuildConfiguration;
			baseConfigurationReference = 099E06F31E36ECE50012348E /* osx.release.xcconfig */;
			buildSettings = {
			};
			name = Release;
		};
		09BA148D1E3877BD00A05F83 /* Debug */ = {
			isa = XCBuildConfiguration;
			baseConfigurationReference = 099E06EF1E36ECE50012348E /* ios.debug.xcconfig */;
			buildSettings = {
				STRIP_INSTALLED_PRODUCT = NO;
			};
			name = Debug;
		};
		09BA148E1E3877BD00A05F83 /* Release */ = {
			isa = XCBuildConfiguration;
			baseConfigurationReference = 099E06F01E36ECE50012348E /* ios.release.xcconfig */;
			buildSettings = {
				STRIP_INSTALLED_PRODUCT = NO;
			};
			name = Release;
		};
		09FF3F2C1E36EBBB00C81351 /* Debug */ = {
			isa = XCBuildConfiguration;
			baseConfigurationReference = 099E06F51E36ECE50012348E /* Project.Debug.xcconfig */;
			buildSettings = {
			};
			name = Debug;
		};
		09FF3F2D1E36EBBB00C81351 /* Release */ = {
			isa = XCBuildConfiguration;
			baseConfigurationReference = 099E06F61E36ECE50012348E /* Project.Release.xcconfig */;
			buildSettings = {
			};
			name = Release;
		};
		09FF3F2F1E36EBBB00C81351 /* Debug */ = {
			isa = XCBuildConfiguration;
			baseConfigurationReference = 099E06F21E36ECE50012348E /* osx.debug.xcconfig */;
			buildSettings = {
			};
			name = Debug;
		};
		09FF3F301E36EBBB00C81351 /* Release */ = {
			isa = XCBuildConfiguration;
			baseConfigurationReference = 099E06F31E36ECE50012348E /* osx.release.xcconfig */;
			buildSettings = {
			};
			name = Release;
		};
/* End XCBuildConfiguration section */

/* Begin XCConfigurationList section */
		09121CBC1EABADB500BBC64B /* Build configuration list for PBXNativeTarget "mod_wav" */ = {
			isa = XCConfigurationList;
			buildConfigurations = (
				09121CBD1EABADB500BBC64B /* Debug */,
				09121CBE1EABADB500BBC64B /* Release */,
			);
			defaultConfigurationIsVisible = 0;
			defaultConfigurationName = Release;
		};
		093A24BF1E9B8BE8009874DF /* Build configuration list for PBXNativeTarget "wav_join_nonzeros" */ = {
			isa = XCConfigurationList;
			buildConfigurations = (
				093A24C01E9B8BE8009874DF /* Debug */,
				093A24C11E9B8BE8009874DF /* Release */,
			);
			defaultConfigurationIsVisible = 0;
			defaultConfigurationName = Release;
		};
		093A24DE1E9B8CC3009874DF /* Build configuration list for PBXNativeTarget "test_fft" */ = {
			isa = XCConfigurationList;
			buildConfigurations = (
				093A24DF1E9B8CC3009874DF /* Debug */,
				093A24E01E9B8CC3009874DF /* Release */,
			);
			defaultConfigurationIsVisible = 0;
			defaultConfigurationName = Release;
		};
		0951A5261EB62CBB00CE4A4E /* Build configuration list for PBXNativeTarget "count_channels" */ = {
			isa = XCConfigurationList;
			buildConfigurations = (
				0951A5271EB62CBB00CE4A4E /* Debug */,
				0951A5281EB62CBB00CE4A4E /* Release */,
			);
			defaultConfigurationIsVisible = 0;
			defaultConfigurationName = Release;
		};
		096C6D5F1E9F85B800389746 /* Build configuration list for PBXNativeTarget "wir_2_wav" */ = {
			isa = XCConfigurationList;
			buildConfigurations = (
				096C6D601E9F85B800389746 /* Debug */,
				096C6D611E9F85B800389746 /* Release */,
			);
			defaultConfigurationIsVisible = 0;
			defaultConfigurationName = Release;
		};
		098474041E8057E90014465E /* Build configuration list for PBXNativeTarget "generate_filters_headers" */ = {
			isa = XCConfigurationList;
			buildConfigurations = (
				098474051E8057E90014465E /* Debug */,
				098474061E8057E90014465E /* Release */,
			);
			defaultConfigurationIsVisible = 0;
			defaultConfigurationName = Release;
		};
		09BA148C1E3877BD00A05F83 /* Build configuration list for PBXNativeTarget "audio.ios" */ = {
			isa = XCConfigurationList;
			buildConfigurations = (
				09BA148D1E3877BD00A05F83 /* Debug */,
				09BA148E1E3877BD00A05F83 /* Release */,
			);
			defaultConfigurationIsVisible = 0;
			defaultConfigurationName = Release;
		};
		09FF3F1E1E36EBBB00C81351 /* Build configuration list for PBXProject "audio" */ = {
			isa = XCConfigurationList;
			buildConfigurations = (
				09FF3F2C1E36EBBB00C81351 /* Debug */,
				09FF3F2D1E36EBBB00C81351 /* Release */,
			);
			defaultConfigurationIsVisible = 0;
			defaultConfigurationName = Release;
		};
		09FF3F2E1E36EBBB00C81351 /* Build configuration list for PBXNativeTarget "audio" */ = {
			isa = XCConfigurationList;
			buildConfigurations = (
				09FF3F2F1E36EBBB00C81351 /* Debug */,
				09FF3F301E36EBBB00C81351 /* Release */,
			);
			defaultConfigurationIsVisible = 0;
			defaultConfigurationName = Release;
		};
/* End XCConfigurationList section */
	};
	rootObject = 09FF3F1B1E36EBBB00C81351 /* Project object */;
}
